
Microsoft Visual Studio Solution File, Format Version 12.00
Project("{FAE04EC0-301F-11D3-BF4B-00C04F79EFBC}") = "jailbirdoszn", "jailbirdoszn\jailbirdoszn.csproj", "{5B614DA6-4625-4B86-8C0A-E882730F2322}"
EndProject
Global
	GlobalSection(SolutionConfigurationPlatforms) = preSolution
		Debug|Any CPU = Debug|Any CPU
		Release|Any CPU = Release|Any CPU
		sds|x64 = sds|x64
	EndGlobalSection
	GlobalSection(ProjectConfigurationPlatforms) = postSolution
		{5B614DA6-4625-4B86-8C0A-E882730F2322}.Debug|Any CPU.ActiveCfg = Debug|Any CPU
		{5B614DA6-4625-4B86-8C0A-E882730F2322}.Debug|Any CPU.Build.0 = Debug|Any CPU
		{5B614DA6-4625-4B86-8C0A-E882730F2322}.Release|Any CPU.ActiveCfg = Release|Any CPU
		{5B614DA6-4625-4B86-8C0A-E882730F2322}.Release|Any CPU.Build.0 = Release|Any CPU
		{5B614DA6-4625-4B86-8C0A-E882730F2322}.sds|x64.ActiveCfg = sds|x64
		{5B614DA6-4625-4B86-8C0A-E882730F2322}.sds|x64.Build.0 = sds|x64
	EndGlobalSection
EndGlobal
